
Microsoft Visual Studio Solution File, Format Version 12.00
# Visual Studio Version 17
VisualStudioVersion = 17.11.35312.102
MinimumVisualStudioVersion = 10.0.40219.1
Project("{FAE04EC0-301F-11D3-BF4B-00C04F79EFBC}") = "lab-6", "lab-6\lab-6.csproj", "{A0DD51CD-1E65-4B04-BB96-C77DAF49B690}"
EndProject
Global
	GlobalSection(SolutionConfigurationPlatforms) = preSolution
		Debug|Any CPU = Debug|Any CPU
		Release|Any CPU = Release|Any CPU
	EndGlobalSection
	GlobalSection(ProjectConfigurationPlatforms) = postSolution
		{A0DD51CD-1E65-4B04-BB96-C77DAF49B690}.Debug|Any CPU.ActiveCfg = Debug|Any CPU
		{A0DD51CD-1E65-4B04-BB96-C77DAF49B690}.Debug|Any CPU.Build.0 = Debug|Any CPU
		{A0DD51CD-1E65-4B04-BB96-C77DAF49B690}.Release|Any CPU.ActiveCfg = Release|Any CPU
		{A0DD51CD-1E65-4B04-BB96-C77DAF49B690}.Release|Any CPU.Build.0 = Release|Any CPU
	EndGlobalSection
	GlobalSection(SolutionProperties) = preSolution
		HideSolutionNode = FALSE
	EndGlobalSection
	GlobalSection(ExtensibilityGlobals) = postSolution
		SolutionGuid = {13E913C7-EBD9-4CC3-8DFB-6B5E88903482}
	EndGlobalSection
EndGlobal
